
Microsoft Visual Studio Solution File, Format Version 12.00
# Visual Studio 15
VisualStudioVersion = 15.0.27703.2000
MinimumVisualStudioVersion = 10.0.40219.1
Project("{FAE04EC0-301F-11D3-BF4B-00C04F79EFBC}") = "MessageService", "MessageService\MessageService.csproj", "{025A47C7-0DE0-414F-83C7-F6BEDE72F8BA}"
EndProject
Project("{FAE04EC0-301F-11D3-BF4B-00C04F79EFBC}") = "NotificationService", "NotificationService\NotificationService.csproj", "{9FA22C19-E995-4D15-BF29-9D80EA144233}"
EndProject
Global
	GlobalSection(SolutionConfigurationPlatforms) = preSolution
		Debug|Any CPU = Debug|Any CPU
		Release|Any CPU = Release|Any CPU
	EndGlobalSection
	GlobalSection(ProjectConfigurationPlatforms) = postSolution
		{025A47C7-0DE0-414F-83C7-F6BEDE72F8BA}.Debug|Any CPU.ActiveCfg = Debug|Any CPU
		{025A47C7-0DE0-414F-83C7-F6BEDE72F8BA}.Debug|Any CPU.Build.0 = Debug|Any CPU
		{025A47C7-0DE0-414F-83C7-F6BEDE72F8BA}.Release|Any CPU.ActiveCfg = Release|Any CPU
		{025A47C7-0DE0-414F-83C7-F6BEDE72F8BA}.Release|Any CPU.Build.0 = Release|Any CPU
		{9FA22C19-E995-4D15-BF29-9D80EA144233}.Debug|Any CPU.ActiveCfg = Debug|Any CPU
		{9FA22C19-E995-4D15-BF29-9D80EA144233}.Debug|Any CPU.Build.0 = Debug|Any CPU
		{9FA22C19-E995-4D15-BF29-9D80EA144233}.Release|Any CPU.ActiveCfg = Release|Any CPU
		{9FA22C19-E995-4D15-BF29-9D80EA144233}.Release|Any CPU.Build.0 = Release|Any CPU
	EndGlobalSection
	GlobalSection(SolutionProperties) = preSolution
		HideSolutionNode = FALSE
	EndGlobalSection
	GlobalSection(ExtensibilityGlobals) = postSolution
		SolutionGuid = {E96E4148-404F-4C1B-90E6-DCE9CD4CBF47}
	EndGlobalSection
EndGlobal
